
Microsoft Visual Studio Solution File, Format Version 12.00
# Visual Studio Version 17
VisualStudioVersion = 17.7.34018.315
MinimumVisualStudioVersion = 10.0.40219.1
Project("{FAE04EC0-301F-11D3-BF4B-00C04F79EFBC}") = "Uppgift 2.1", "Uppgift 2.1\Uppgift 2.1.csproj", "{BC4F770A-D1A7-4806-88C5-B99D754AA834}"
EndProject
Global
	GlobalSection(SolutionConfigurationPlatforms) = preSolution
		Debug|Any CPU = Debug|Any CPU
		Release|Any CPU = Release|Any CPU
	EndGlobalSection
	GlobalSection(ProjectConfigurationPlatforms) = postSolution
		{BC4F770A-D1A7-4806-88C5-B99D754AA834}.Debug|Any CPU.ActiveCfg = Debug|Any CPU
		{BC4F770A-D1A7-4806-88C5-B99D754AA834}.Debug|Any CPU.Build.0 = Debug|Any CPU
		{BC4F770A-D1A7-4806-88C5-B99D754AA834}.Release|Any CPU.ActiveCfg = Release|Any CPU
		{BC4F770A-D1A7-4806-88C5-B99D754AA834}.Release|Any CPU.Build.0 = Release|Any CPU
	EndGlobalSection
	GlobalSection(SolutionProperties) = preSolution
		HideSolutionNode = FALSE
	EndGlobalSection
	GlobalSection(ExtensibilityGlobals) = postSolution
		SolutionGuid = {9BAB96FD-FB5B-4C6E-B418-DBFFFC49CB70}
	EndGlobalSection
EndGlobal
